
Microsoft Visual Studio Solution File, Format Version 12.00
# Visual Studio 15
VisualStudioVersion = 15.0.28010.2048
MinimumVisualStudioVersion = 10.0.40219.1
Project("{FAE04EC0-301F-11D3-BF4B-00C04F79EFBC}") = "MathEngine", "MathEngine\MathEngine.csproj", "{F767FC41-D5EE-4488-BE26-45893E50E781}"
EndProject
Project("{FAE04EC0-301F-11D3-BF4B-00C04F79EFBC}") = "Tester", "Tester\Tester.csproj", "{DA9675DD-B170-46A4-98D2-424A8D59F6AF}"
EndProject
Global
	GlobalSection(SolutionConfigurationPlatforms) = preSolution
		Debug|Any CPU = Debug|Any CPU
		Release|Any CPU = Release|Any CPU
	EndGlobalSection
	GlobalSection(ProjectConfigurationPlatforms) = postSolution
		{F767FC41-D5EE-4488-BE26-45893E50E781}.Debug|Any CPU.ActiveCfg = Debug|Any CPU
		{F767FC41-D5EE-4488-BE26-45893E50E781}.Debug|Any CPU.Build.0 = Debug|Any CPU
		{F767FC41-D5EE-4488-BE26-45893E50E781}.Release|Any CPU.ActiveCfg = Release|Any CPU
		{F767FC41-D5EE-4488-BE26-45893E50E781}.Release|Any CPU.Build.0 = Release|Any CPU
		{DA9675DD-B170-46A4-98D2-424A8D59F6AF}.Debug|Any CPU.ActiveCfg = Debug|Any CPU
		{DA9675DD-B170-46A4-98D2-424A8D59F6AF}.Debug|Any CPU.Build.0 = Debug|Any CPU
		{DA9675DD-B170-46A4-98D2-424A8D59F6AF}.Release|Any CPU.ActiveCfg = Release|Any CPU
		{DA9675DD-B170-46A4-98D2-424A8D59F6AF}.Release|Any CPU.Build.0 = Release|Any CPU
	EndGlobalSection
	GlobalSection(SolutionProperties) = preSolution
		HideSolutionNode = FALSE
	EndGlobalSection
	GlobalSection(ExtensibilityGlobals) = postSolution
		SolutionGuid = {1AAAE156-B621-48A0-9449-26118240E14C}
	EndGlobalSection
EndGlobal
